{
  "name": "cs5432-bsky-labeler",
  "version": "1.0.0",
  "lockfileVersion": 3,
  "requires": true,
  "packages": {
    "": {
      "name": "cs5432-bsky-labeler",
      "version": "1.0.0",
      "license": "ISC",
      "dependencies": {
        "@skyware/labeler": "^0.2.0"
      }
    },
    "node_modules/@atcute/bluesky": {
      "version": "1.0.15",
      "resolved": "https://registry.npmjs.org/@atcute/bluesky/-/bluesky-1.0.15.tgz",
      "integrity": "sha512-+EFiybmKQ97aBAgtaD+cKRJER5AMn3cZMkEwEg/pDdWyzxYJ9m1UgemmLdTgI8VrxPufKqdXS2nl7uO7TY6BPA==",
      "peerDependencies": {
        "@atcute/client": "^1.0.0 || ^2.0.0"
      }
    },
    "node_modules/@atcute/cbor": {
      "version": "1.0.7",
      "resolved": "https://registry.npmjs.org/@atcute/cbor/-/cbor-1.0.7.tgz",
      "integrity": "sha512-z3chucgCqjAN36ySvUVl1VSwtGME4CDS173eaaEfiTSpRIQ6ewKpKlkzapLUNqtLU9iBx884b9c2j6kjEyn1XA==",
      "dependencies": {
        "@atcute/cid": "^1.0.3",
        "@atcute/multibase": "^1.0.0"
      }
    },
    "node_modules/@atcute/cid": {
      "version": "1.0.3",
      "resolved": "https://registry.npmjs.org/@atcute/cid/-/cid-1.0.3.tgz",
      "integrity": "sha512-BZbs+Xt0yMci0I2dLqqYsN76ua8lkMk/HQfEIKr7g2XMBlSc0XNCXfZdbAWPwiCK/NuGaPBocYMRwApd4dF2Qg==",
      "dependencies": {
        "@atcute/multibase": "^1.0.0",
        "@atcute/varint": "^1.0.1"
      }
    },
    "node_modules/@atcute/client": {
      "version": "2.0.9",
      "resolved": "https://registry.npmjs.org/@atcute/client/-/client-2.0.9.tgz",
      "integrity": "sha512-QNDm9gMP6x9LY77ArwY+urQOBtQW74/onEAz42c40JxRm6Rl9K9cU4ROvNKJ+5cpVmEm1sthEWVRmDr5CSZENA=="
    },
    "node_modules/@atcute/multibase": {
      "version": "1.1.2",
      "resolved": "https://registry.npmjs.org/@atcute/multibase/-/multibase-1.1.2.tgz",
      "integrity": "sha512-KFX+c7a/u2jSNcRw0rLaUHG/XEKf1A1c8XF5soHnsb1JMCShihf/anfZ1kJ4no/IlIp9HEHV3PQRQO2sWL6ASQ==",
      "dependencies": {
        "@atcute/uint8array": "^1.0.1"
      }
    },
    "node_modules/@atcute/ozone": {
      "version": "1.0.12",
      "resolved": "https://registry.npmjs.org/@atcute/ozone/-/ozone-1.0.12.tgz",
      "integrity": "sha512-eogx/FCF6X3WTwAPxgG8RcrziuOUcJvMu+qHodeVcLSQ7QJvw2H/Q5V0HpnZegUOY5aRGKb5RvLk2SeZq3LCeA==",
      "peerDependencies": {
        "@atcute/bluesky": "^1.0.0",
        "@atcute/client": "^1.0.0 || ^2.0.0"
      }
    },
    "node_modules/@atcute/uint8array": {
      "version": "1.0.1",
      "resolved": "https://registry.npmjs.org/@atcute/uint8array/-/uint8array-1.0.1.tgz",
      "integrity": "sha512-AAnlFKyfDRgb9GNZJbhQ6OuMhbmNPirQyapb8KnmcEhxQZ3+tt+4NcwqekEegY4MpNqSTYeeTdyxq0wGZv1JHg=="
    },
    "node_modules/@atcute/varint": {
      "version": "1.0.2",
      "resolved": "https://registry.npmjs.org/@atcute/varint/-/varint-1.0.2.tgz",
      "integrity": "sha512-0O31hePzzr4O3NGWHUKKOyta6CGSL+AtN8iir8grGxu9jXyI7DBARlw6PbgKA6uTAvsXdpmRmF8MX+p0TsLnNg=="
    },
    "node_modules/@fastify/ajv-compiler": {
      "version": "3.6.0",
      "resolved": "https://registry.npmjs.org/@fastify/ajv-compiler/-/ajv-compiler-3.6.0.tgz",
      "integrity": "sha512-LwdXQJjmMD+GwLOkP7TVC68qa+pSSogeWWmznRJ/coyTcfe9qA05AHFSe1eZFwK6q+xVRpChnvFUkf1iYaSZsQ==",
      "dependencies": {
        "ajv": "^8.11.0",
        "ajv-formats": "^2.1.1",
        "fast-uri": "^2.0.0"
      }
    },
    "node_modules/@fastify/error": {
      "version": "3.4.1",
      "resolved": "https://registry.npmjs.org/@fastify/error/-/error-3.4.1.tgz",
      "integrity": "sha512-wWSvph+29GR783IhmvdwWnN4bUxTD01Vm5Xad4i7i1VuAOItLvbPAb69sb0IQ2N57yprvhNIwAP5B6xfKTmjmQ=="
    },
    "node_modules/@fastify/fast-json-stringify-compiler": {
      "version": "4.3.0",
      "resolved": "https://registry.npmjs.org/@fastify/fast-json-stringify-compiler/-/fast-json-stringify-compiler-4.3.0.tgz",
      "integrity": "sha512-aZAXGYo6m22Fk1zZzEUKBvut/CIIQe/BapEORnxiD5Qr0kPHqqI69NtEMCme74h+at72sPhbkb4ZrLd1W3KRLA==",
      "dependencies": {
        "fast-json-stringify": "^5.7.0"
      }
    },
    "node_modules/@fastify/merge-json-schemas": {
      "version": "0.1.1",
      "resolved": "https://registry.npmjs.org/@fastify/merge-json-schemas/-/merge-json-schemas-0.1.1.tgz",
      "integrity": "sha512-fERDVz7topgNjtXsJTTW1JKLy0rhuLRcquYqNR9rF7OcVpCa2OVW49ZPDIhaRRCaUuvVxI+N416xUoF76HNSXA==",
      "dependencies": {
        "fast-deep-equal": "^3.1.3"
      }
    },
    "node_modules/@fastify/websocket": {
      "version": "10.0.1",
      "resolved": "https://registry.npmjs.org/@fastify/websocket/-/websocket-10.0.1.tgz",
      "integrity": "sha512-8/pQIxTPRD8U94aILTeJ+2O3el/r19+Ej5z1O1mXlqplsUH7KzCjAI0sgd5DM/NoPjAi5qLFNIjgM5+9/rGSNw==",
      "dependencies": {
        "duplexify": "^4.1.2",
        "fastify-plugin": "^4.0.0",
        "ws": "^8.0.0"
      }
    },
    "node_modules/@libsql/client": {
      "version": "0.14.0",
      "resolved": "https://registry.npmjs.org/@libsql/client/-/client-0.14.0.tgz",
      "integrity": "sha512-/9HEKfn6fwXB5aTEEoMeFh4CtG0ZzbncBb1e++OCdVpgKZ/xyMsIVYXm0w7Pv4RUel803vE6LwniB3PqD72R0Q==",
      "dependencies": {
        "@libsql/core": "^0.14.0",
        "@libsql/hrana-client": "^0.7.0",
        "js-base64": "^3.7.5",
        "libsql": "^0.4.4",
        "promise-limit": "^2.7.0"
      }
    },
    "node_modules/@libsql/core": {
      "version": "0.14.0",
      "resolved": "https://registry.npmjs.org/@libsql/core/-/core-0.14.0.tgz",
      "integrity": "sha512-nhbuXf7GP3PSZgdCY2Ecj8vz187ptHlZQ0VRc751oB2C1W8jQUXKKklvt7t1LJiUTQBVJuadF628eUk+3cRi4Q==",
      "dependencies": {
        "js-base64": "^3.7.5"
      }
    },
    "node_modules/@libsql/darwin-arm64": {
      "version": "0.4.7",
      "resolved": "https://registry.npmjs.org/@libsql/darwin-arm64/-/darwin-arm64-0.4.7.tgz",
      "integrity": "sha512-yOL742IfWUlUevnI5PdnIT4fryY3LYTdLm56bnY0wXBw7dhFcnjuA7jrH3oSVz2mjZTHujxoITgAE7V6Z+eAbg==",
      "cpu": [
        "arm64"
      ],
      "optional": true,
      "os": [
        "darwin"
      ]
    },
    "node_modules/@libsql/darwin-x64": {
      "version": "0.4.7",
      "resolved": "https://registry.npmjs.org/@libsql/darwin-x64/-/darwin-x64-0.4.7.tgz",
      "integrity": "sha512-ezc7V75+eoyyH07BO9tIyJdqXXcRfZMbKcLCeF8+qWK5nP8wWuMcfOVywecsXGRbT99zc5eNra4NEx6z5PkSsA==",
      "cpu": [
        "x64"
      ],
      "optional": true,
      "os": [
        "darwin"
      ]
    },
    "node_modules/@libsql/hrana-client": {
      "version": "0.7.0",
      "resolved": "https://registry.npmjs.org/@libsql/hrana-client/-/hrana-client-0.7.0.tgz",
      "integrity": "sha512-OF8fFQSkbL7vJY9rfuegK1R7sPgQ6kFMkDamiEccNUvieQ+3urzfDFI616oPl8V7T9zRmnTkSjMOImYCAVRVuw==",
      "dependencies": {
        "@libsql/isomorphic-fetch": "^0.3.1",
        "@libsql/isomorphic-ws": "^0.1.5",
        "js-base64": "^3.7.5",
        "node-fetch": "^3.3.2"
      }
    },
    "node_modules/@libsql/isomorphic-fetch": {
      "version": "0.3.1",
      "resolved": "https://registry.npmjs.org/@libsql/isomorphic-fetch/-/isomorphic-fetch-0.3.1.tgz",
      "integrity": "sha512-6kK3SUK5Uu56zPq/Las620n5aS9xJq+jMBcNSOmjhNf/MUvdyji4vrMTqD7ptY7/4/CAVEAYDeotUz60LNQHtw==",
      "engines": {
        "node": ">=18.0.0"
      }
    },
    "node_modules/@libsql/isomorphic-ws": {
      "version": "0.1.5",
      "resolved": "https://registry.npmjs.org/@libsql/isomorphic-ws/-/isomorphic-ws-0.1.5.tgz",
      "integrity": "sha512-DtLWIH29onUYR00i0GlQ3UdcTRC6EP4u9w/h9LxpUZJWRMARk6dQwZ6Jkd+QdwVpuAOrdxt18v0K2uIYR3fwFg==",
      "dependencies": {
        "@types/ws": "^8.5.4",
        "ws": "^8.13.0"
      }
    },
    "node_modules/@libsql/linux-arm64-gnu": {
      "version": "0.4.7",
      "resolved": "https://registry.npmjs.org/@libsql/linux-arm64-gnu/-/linux-arm64-gnu-0.4.7.tgz",
      "integrity": "sha512-WlX2VYB5diM4kFfNaYcyhw5y+UJAI3xcMkEUJZPtRDEIu85SsSFrQ+gvoKfcVh76B//ztSeEX2wl9yrjF7BBCA==",
      "cpu": [
        "arm64"
      ],
      "optional": true,
      "os": [
        "linux"
      ]
    },
    "node_modules/@libsql/linux-arm64-musl": {
      "version": "0.4.7",
      "resolved": "https://registry.npmjs.org/@libsql/linux-arm64-musl/-/linux-arm64-musl-0.4.7.tgz",
      "integrity": "sha512-6kK9xAArVRlTCpWeqnNMCoXW1pe7WITI378n4NpvU5EJ0Ok3aNTIC2nRPRjhro90QcnmLL1jPcrVwO4WD1U0xw==",
      "cpu": [
        "arm64"
      ],
      "optional": true,
      "os": [
        "linux"
      ]
    },
    "node_modules/@libsql/linux-x64-gnu": {
      "version": "0.4.7",
      "resolved": "https://registry.npmjs.org/@libsql/linux-x64-gnu/-/linux-x64-gnu-0.4.7.tgz",
      "integrity": "sha512-CMnNRCmlWQqqzlTw6NeaZXzLWI8bydaXDke63JTUCvu8R+fj/ENsLrVBtPDlxQ0wGsYdXGlrUCH8Qi9gJep0yQ==",
      "cpu": [
        "x64"
      ],
      "optional": true,
      "os": [
        "linux"
      ]
    },
    "node_modules/@libsql/linux-x64-musl": {
      "version": "0.4.7",
      "resolved": "https://registry.npmjs.org/@libsql/linux-x64-musl/-/linux-x64-musl-0.4.7.tgz",
      "integrity": "sha512-nI6tpS1t6WzGAt1Kx1n1HsvtBbZ+jHn0m7ogNNT6pQHZQj7AFFTIMeDQw/i/Nt5H38np1GVRNsFe99eSIMs9XA==",
      "cpu": [
        "x64"
      ],
      "optional": true,
      "os": [
        "linux"
      ]
    },
    "node_modules/@libsql/win32-x64-msvc": {
      "version": "0.4.7",
      "resolved": "https://registry.npmjs.org/@libsql/win32-x64-msvc/-/win32-x64-msvc-0.4.7.tgz",
      "integrity": "sha512-7pJzOWzPm6oJUxml+PCDRzYQ4A1hTMHAciTAHfFK4fkbDZX33nWPVG7Y3vqdKtslcwAzwmrNDc6sXy2nwWnbiw==",
      "cpu": [
        "x64"
      ],
      "optional": true,
      "os": [
        "win32"
      ]
    },
    "node_modules/@neon-rs/load": {
      "version": "0.0.4",
      "resolved": "https://registry.npmjs.org/@neon-rs/load/-/load-0.0.4.tgz",
      "integrity": "sha512-kTPhdZyTQxB+2wpiRcFWrDcejc4JI6tkPuS7UZCG4l6Zvc5kU/gGQ/ozvHTh1XR5tS+UlfAfGuPajjzQjCiHCw=="
    },
    "node_modules/@noble/curves": {
      "version": "1.8.1",
      "resolved": "https://registry.npmjs.org/@noble/curves/-/curves-1.8.1.tgz",
      "integrity": "sha512-warwspo+UYUPep0Q+vtdVB4Ugn8GGQj8iyB3gnRWsztmUHTI3S1nhdiWNsPUGL0vud7JlRRk1XEu7Lq1KGTnMQ==",
      "dependencies": {
        "@noble/hashes": "1.7.1"
      },
      "engines": {
        "node": "^14.21.3 || >=16"
      },
      "funding": {
        "url": "https://paulmillr.com/funding/"
      }
    },
    "node_modules/@noble/hashes": {
      "version": "1.7.1",
      "resolved": "https://registry.npmjs.org/@noble/hashes/-/hashes-1.7.1.tgz",
      "integrity": "sha512-B8XBPsn4vT/KJAGqDzbwztd+6Yte3P4V7iafm24bxgDe/mlRuK6xmWPuCNrKt2vDafZ8MfJLlchDG/vYafQEjQ==",
      "engines": {
        "node": "^14.21.3 || >=16"
      },
      "funding": {
        "url": "https://paulmillr.com/funding/"
      }
    },
    "node_modules/@skyware/labeler": {
      "version": "0.2.0",
      "resolved": "https://registry.npmjs.org/@skyware/labeler/-/labeler-0.2.0.tgz",
      "integrity": "sha512-5Xsjly8Crvi+vILmFkObNs5y/FeNj/mIztcm1qfNafUzwv9n9B7O5MQmmg3aZfnalmQWsYfs2BgVlaBBBni5bw==",
      "dependencies": {
        "@atcute/bluesky": "^1.0.7",
        "@atcute/cbor": "^1.0.2",
        "@atcute/client": "^2.0.3",
        "@atcute/ozone": "^1.0.4",
        "@fastify/websocket": "^10.0.1",
        "@libsql/client": "^0.14.0",
        "@noble/curves": "^1.6.0",
        "@noble/hashes": "^1.5.0",
        "fastify": "^4.28.1",
        "prompts": "^2.4.2",
        "uint8arrays": "^5.1.0"
      },
      "bin": {
        "labeler": "dist/bin.js"
      }
    },
    "node_modules/@types/node": {
      "version": "22.14.0",
      "resolved": "https://registry.npmjs.org/@types/node/-/node-22.14.0.tgz",
      "integrity": "sha512-Kmpl+z84ILoG+3T/zQFyAJsU6EPTmOCj8/2+83fSN6djd6I4o7uOuGIH6vq3PrjY5BGitSbFuMN18j3iknubbA==",
      "dependencies": {
        "undici-types": "~6.21.0"
      }
    },
    "node_modules/@types/ws": {
      "version": "8.18.1",
      "resolved": "https://registry.npmjs.org/@types/ws/-/ws-8.18.1.tgz",
      "integrity": "sha512-ThVF6DCVhA8kUGy+aazFQ4kXQ7E1Ty7A3ypFOe0IcJV8O/M511G99AW24irKrW56Wt44yG9+ij8FaqoBGkuBXg==",
      "dependencies": {
        "@types/node": "*"
      }
    },
    "node_modules/abstract-logging": {
      "version": "2.0.1",
      "resolved": "https://registry.npmjs.org/abstract-logging/-/abstract-logging-2.0.1.tgz",
      "integrity": "sha512-2BjRTZxTPvheOvGbBslFSYOUkr+SjPtOnrLP33f+VIWLzezQpZcqVg7ja3L4dBXmzzgwT+a029jRx5PCi3JuiA=="
    },
    "node_modules/ajv": {
      "version": "8.17.1",
      "resolved": "https://registry.npmjs.org/ajv/-/ajv-8.17.1.tgz",
      "integrity": "sha512-B/gBuNg5SiMTrPkC+A2+cW0RszwxYmn6VYxB/inlBStS5nx6xHIt/ehKRhIMhqusl7a8LjQoZnjCs5vhwxOQ1g==",
      "dependencies": {
        "fast-deep-equal": "^3.1.3",
        "fast-uri": "^3.0.1",
        "json-schema-traverse": "^1.0.0",
        "require-from-string": "^2.0.2"
      },
      "funding": {
        "type": "github",
        "url": "https://github.com/sponsors/epoberezkin"
      }
    },
    "node_modules/ajv-formats": {
      "version": "2.1.1",
      "resolved": "https://registry.npmjs.org/ajv-formats/-/ajv-formats-2.1.1.tgz",
      "integrity": "sha512-Wx0Kx52hxE7C18hkMEggYlEifqWZtYaRgouJor+WMdPnQyEK13vgEWyVNup7SoeeoLMsr4kf5h6dOW11I15MUA==",
      "dependencies": {
        "ajv": "^8.0.0"
      },
      "peerDependencies": {
        "ajv": "^8.0.0"
      },
      "peerDependenciesMeta": {
        "ajv": {
          "optional": true
        }
      }
    },
    "node_modules/ajv/node_modules/fast-uri": {
      "version": "3.0.6",
      "resolved": "https://registry.npmjs.org/fast-uri/-/fast-uri-3.0.6.tgz",
      "integrity": "sha512-Atfo14OibSv5wAp4VWNsFYE1AchQRTv9cBGWET4pZWHzYshFSS9NQI6I57rdKn9croWVMbYFbLhJ+yJvmZIIHw==",
      "funding": [
        {
          "type": "github",
          "url": "https://github.com/sponsors/fastify"
        },
        {
          "type": "opencollective",
          "url": "https://opencollective.com/fastify"
        }
      ]
    },
    "node_modules/atomic-sleep": {
      "version": "1.0.0",
      "resolved": "https://registry.npmjs.org/atomic-sleep/-/atomic-sleep-1.0.0.tgz",
      "integrity": "sha512-kNOjDqAh7px0XWNI+4QbzoiR/nTkHAWNud2uvnJquD1/x5a7EQZMJT0AczqK0Qn67oY/TTQ1LbUKajZpp3I9tQ==",
      "engines": {
        "node": ">=8.0.0"
      }
    },
    "node_modules/avvio": {
      "version": "8.4.0",
      "resolved": "https://registry.npmjs.org/avvio/-/avvio-8.4.0.tgz",
      "integrity": "sha512-CDSwaxINFy59iNwhYnkvALBwZiTydGkOecZyPkqBpABYR1KqGEsET0VOOYDwtleZSUIdeY36DC2bSZ24CO1igA==",
      "dependencies": {
        "@fastify/error": "^3.3.0",
        "fastq": "^1.17.1"
      }
    },
    "node_modules/cookie": {
      "version": "0.7.2",
      "resolved": "https://registry.npmjs.org/cookie/-/cookie-0.7.2.tgz",
      "integrity": "sha512-yki5XnKuf750l50uGTllt6kKILY4nQ1eNIQatoXEByZ5dWgnKqbnqmTrBE5B4N7lrMJKQ2ytWMiTO2o0v6Ew/w==",
      "engines": {
        "node": ">= 0.6"
      }
    },
    "node_modules/data-uri-to-buffer": {
      "version": "4.0.1",
      "resolved": "https://registry.npmjs.org/data-uri-to-buffer/-/data-uri-to-buffer-4.0.1.tgz",
      "integrity": "sha512-0R9ikRb668HB7QDxT1vkpuUBtqc53YyAwMwGeUFKRojY/NWKvdZ+9UYtRfGmhqNbRkTSVpMbmyhXipFFv2cb/A==",
      "engines": {
        "node": ">= 12"
      }
    },
    "node_modules/detect-libc": {
      "version": "2.0.2",
      "resolved": "https://registry.npmjs.org/detect-libc/-/detect-libc-2.0.2.tgz",
      "integrity": "sha512-UX6sGumvvqSaXgdKGUsgZWqcUyIXZ/vZTrlRT/iobiKhGL0zL4d3osHj3uqllWJK+i+sixDS/3COVEOFbupFyw==",
      "engines": {
        "node": ">=8"
      }
    },
    "node_modules/duplexify": {
      "version": "4.1.3",
      "resolved": "https://registry.npmjs.org/duplexify/-/duplexify-4.1.3.tgz",
      "integrity": "sha512-M3BmBhwJRZsSx38lZyhE53Csddgzl5R7xGJNk7CVddZD6CcmwMCH8J+7AprIrQKH7TonKxaCjcv27Qmf+sQ+oA==",
      "dependencies": {
        "end-of-stream": "^1.4.1",
        "inherits": "^2.0.3",
        "readable-stream": "^3.1.1",
        "stream-shift": "^1.0.2"
      }
    },
    "node_modules/end-of-stream": {
      "version": "1.4.4",
      "resolved": "https://registry.npmjs.org/end-of-stream/-/end-of-stream-1.4.4.tgz",
      "integrity": "sha512-+uw1inIHVPQoaVuHzRyXd21icM+cnt4CzD5rW+NC1wjOUSTOs+Te7FOv7AhN7vS9x/oIyhLP5PR1H+phQAHu5Q==",
      "dependencies": {
        "once": "^1.4.0"
      }
    },
    "node_modules/fast-content-type-parse": {
      "version": "1.1.0",
      "resolved": "https://registry.npmjs.org/fast-content-type-parse/-/fast-content-type-parse-1.1.0.tgz",
      "integrity": "sha512-fBHHqSTFLVnR61C+gltJuE5GkVQMV0S2nqUO8TJ+5Z3qAKG8vAx4FKai1s5jq/inV1+sREynIWSuQ6HgoSXpDQ=="
    },
    "node_modules/fast-decode-uri-component": {
      "version": "1.0.1",
      "resolved": "https://registry.npmjs.org/fast-decode-uri-component/-/fast-decode-uri-component-1.0.1.tgz",
      "integrity": "sha512-WKgKWg5eUxvRZGwW8FvfbaH7AXSh2cL+3j5fMGzUMCxWBJ3dV3a7Wz8y2f/uQ0e3B6WmodD3oS54jTQ9HVTIIg=="
    },
    "node_modules/fast-deep-equal": {
      "version": "3.1.3",
      "resolved": "https://registry.npmjs.org/fast-deep-equal/-/fast-deep-equal-3.1.3.tgz",
      "integrity": "sha512-f3qQ9oQy9j2AhBe/H9VC91wLmKBCCU/gDOnKNAYG5hswO7BLKj09Hc5HYNz9cGI++xlpDCIgDaitVs03ATR84Q=="
    },
    "node_modules/fast-json-stringify": {
      "version": "5.16.1",
      "resolved": "https://registry.npmjs.org/fast-json-stringify/-/fast-json-stringify-5.16.1.tgz",
      "integrity": "sha512-KAdnLvy1yu/XrRtP+LJnxbBGrhN+xXu+gt3EUvZhYGKCr3lFHq/7UFJHHFgmJKoqlh6B40bZLEv7w46B0mqn1g==",
      "dependencies": {
        "@fastify/merge-json-schemas": "^0.1.0",
        "ajv": "^8.10.0",
        "ajv-formats": "^3.0.1",
        "fast-deep-equal": "^3.1.3",
        "fast-uri": "^2.1.0",
        "json-schema-ref-resolver": "^1.0.1",
        "rfdc": "^1.2.0"
      }
    },
    "node_modules/fast-json-stringify/node_modules/ajv-formats": {
      "version": "3.0.1",
      "resolved": "https://registry.npmjs.org/ajv-formats/-/ajv-formats-3.0.1.tgz",
      "integrity": "sha512-8iUql50EUR+uUcdRQ3HDqa6EVyo3docL8g5WJ3FNcWmu62IbkGUue/pEyLBW8VGKKucTPgqeks4fIU1DA4yowQ==",
      "dependencies": {
        "ajv": "^8.0.0"
      },
      "peerDependencies": {
        "ajv": "^8.0.0"
      },
      "peerDependenciesMeta": {
        "ajv": {
          "optional": true
        }
      }
    },
    "node_modules/fast-querystring": {
      "version": "1.1.2",
      "resolved": "https://registry.npmjs.org/fast-querystring/-/fast-querystring-1.1.2.tgz",
      "integrity": "sha512-g6KuKWmFXc0fID8WWH0jit4g0AGBoJhCkJMb1RmbsSEUNvQ+ZC8D6CUZ+GtF8nMzSPXnhiePyyqqipzNNEnHjg==",
      "dependencies": {
        "fast-decode-uri-component": "^1.0.1"
      }
    },
    "node_modules/fast-redact": {
      "version": "3.5.0",
      "resolved": "https://registry.npmjs.org/fast-redact/-/fast-redact-3.5.0.tgz",
      "integrity": "sha512-dwsoQlS7h9hMeYUq1W++23NDcBLV4KqONnITDV9DjfS3q1SgDGVrBdvvTLUotWtPSD7asWDV9/CmsZPy8Hf70A==",
      "engines": {
        "node": ">=6"
      }
    },
    "node_modules/fast-uri": {
      "version": "2.4.0",
      "resolved": "https://registry.npmjs.org/fast-uri/-/fast-uri-2.4.0.tgz",
      "integrity": "sha512-ypuAmmMKInk5q7XcepxlnUWDLWv4GFtaJqAzWKqn62IpQ3pejtr5dTVbt3vwqVaMKmkNR55sTT+CqUKIaT21BA=="
    },
    "node_modules/fastify": {
      "version": "4.29.0",
      "resolved": "https://registry.npmjs.org/fastify/-/fastify-4.29.0.tgz",
      "integrity": "sha512-MaaUHUGcCgC8fXQDsDtioaCcag1fmPJ9j64vAKunqZF4aSub040ZGi/ag8NGE2714yREPOKZuHCfpPzuUD3UQQ==",
      "funding": [
        {
          "type": "github",
          "url": "https://github.com/sponsors/fastify"
        },
        {
          "type": "opencollective",
          "url": "https://opencollective.com/fastify"
        }
      ],
      "dependencies": {
        "@fastify/ajv-compiler": "^3.5.0",
        "@fastify/error": "^3.4.0",
        "@fastify/fast-json-stringify-compiler": "^4.3.0",
        "abstract-logging": "^2.0.1",
        "avvio": "^8.3.0",
        "fast-content-type-parse": "^1.1.0",
        "fast-json-stringify": "^5.8.0",
        "find-my-way": "^8.0.0",
        "light-my-request": "^5.11.0",
        "pino": "^9.0.0",
        "process-warning": "^3.0.0",
        "proxy-addr": "^2.0.7",
        "rfdc": "^1.3.0",
        "secure-json-parse": "^2.7.0",
        "semver": "^7.5.4",
        "toad-cache": "^3.3.0"
      }
    },
    "node_modules/fastify-plugin": {
      "version": "4.5.1",
      "resolved": "https://registry.npmjs.org/fastify-plugin/-/fastify-plugin-4.5.1.tgz",
      "integrity": "sha512-stRHYGeuqpEZTL1Ef0Ovr2ltazUT9g844X5z/zEBFLG8RYlpDiOCIG+ATvYEp+/zmc7sN29mcIMp8gvYplYPIQ=="
    },
    "node_modules/fastq": {
      "version": "1.19.1",
      "resolved": "https://registry.npmjs.org/fastq/-/fastq-1.19.1.tgz",
      "integrity": "sha512-GwLTyxkCXjXbxqIhTsMI2Nui8huMPtnxg7krajPJAjnEG/iiOS7i+zCtWGZR9G0NBKbXKh6X9m9UIsYX/N6vvQ==",
      "dependencies": {
        "reusify": "^1.0.4"
      }
    },
    "node_modules/fetch-blob": {
      "version": "3.2.0",
      "resolved": "https://registry.npmjs.org/fetch-blob/-/fetch-blob-3.2.0.tgz",
      "integrity": "sha512-7yAQpD2UMJzLi1Dqv7qFYnPbaPx7ZfFK6PiIxQ4PfkGPyNyl2Ugx+a/umUonmKqjhM4DnfbMvdX6otXq83soQQ==",
      "funding": [
        {
          "type": "github",
          "url": "https://github.com/sponsors/jimmywarting"
        },
        {
          "type": "paypal",
          "url": "https://paypal.me/jimmywarting"
        }
      ],
      "dependencies": {
        "node-domexception": "^1.0.0",
        "web-streams-polyfill": "^3.0.3"
      },
      "engines": {
        "node": "^12.20 || >= 14.13"
      }
    },
    "node_modules/find-my-way": {
      "version": "8.2.2",
      "resolved": "https://registry.npmjs.org/find-my-way/-/find-my-way-8.2.2.tgz",
      "integrity": "sha512-Dobi7gcTEq8yszimcfp/R7+owiT4WncAJ7VTTgFH1jYJ5GaG1FbhjwDG820hptN0QDFvzVY3RfCzdInvGPGzjA==",
      "dependencies": {
        "fast-deep-equal": "^3.1.3",
        "fast-querystring": "^1.0.0",
        "safe-regex2": "^3.1.0"
      },
      "engines": {
        "node": ">=14"
      }
    },
    "node_modules/formdata-polyfill": {
      "version": "4.0.10",
      "resolved": "https://registry.npmjs.org/formdata-polyfill/-/formdata-polyfill-4.0.10.tgz",
      "integrity": "sha512-buewHzMvYL29jdeQTVILecSaZKnt/RJWjoZCF5OW60Z67/GmSLBkOFM7qh1PI3zFNtJbaZL5eQu1vLfazOwj4g==",
      "dependencies": {
        "fetch-blob": "^3.1.2"
      },
      "engines": {
        "node": ">=12.20.0"
      }
    },
    "node_modules/forwarded": {
      "version": "0.2.0",
      "resolved": "https://registry.npmjs.org/forwarded/-/forwarded-0.2.0.tgz",
      "integrity": "sha512-buRG0fpBtRHSTCOASe6hD258tEubFoRLb4ZNA6NxMVHNw2gOcwHo9wyablzMzOA5z9xA9L1KNjk/Nt6MT9aYow==",
      "engines": {
        "node": ">= 0.6"
      }
    },
    "node_modules/inherits": {
      "version": "2.0.4",
      "resolved": "https://registry.npmjs.org/inherits/-/inherits-2.0.4.tgz",
      "integrity": "sha512-k/vGaX4/Yla3WzyMCvTQOXYeIHvqOKtnqBduzTHpzpQZzAskKMhZ2K+EnBiSM9zGSoIFeMpXKxa4dYeZIQqewQ=="
    },
    "node_modules/ipaddr.js": {
      "version": "1.9.1",
      "resolved": "https://registry.npmjs.org/ipaddr.js/-/ipaddr.js-1.9.1.tgz",
      "integrity": "sha512-0KI/607xoxSToH7GjN1FfSbLoU0+btTicjsQSWQlh/hZykN8KpmMf7uYwPW3R+akZ6R/w18ZlXSHBYXiYUPO3g==",
      "engines": {
        "node": ">= 0.10"
      }
    },
    "node_modules/js-base64": {
      "version": "3.7.7",
      "resolved": "https://registry.npmjs.org/js-base64/-/js-base64-3.7.7.tgz",
      "integrity": "sha512-7rCnleh0z2CkXhH67J8K1Ytz0b2Y+yxTPL+/KOJoa20hfnVQ/3/T6W/KflYI4bRHRagNeXeU2bkNGI3v1oS/lw=="
    },
    "node_modules/json-schema-ref-resolver": {
      "version": "1.0.1",
      "resolved": "https://registry.npmjs.org/json-schema-ref-resolver/-/json-schema-ref-resolver-1.0.1.tgz",
      "integrity": "sha512-EJAj1pgHc1hxF6vo2Z3s69fMjO1INq6eGHXZ8Z6wCQeldCuwxGK9Sxf4/cScGn3FZubCVUehfWtcDM/PLteCQw==",
      "dependencies": {
        "fast-deep-equal": "^3.1.3"
      }
    },
    "node_modules/json-schema-traverse": {
      "version": "1.0.0",
      "resolved": "https://registry.npmjs.org/json-schema-traverse/-/json-schema-traverse-1.0.0.tgz",
      "integrity": "sha512-NM8/P9n3XjXhIZn1lLhkFaACTOURQXjWhV4BA/RnOv8xvgqtqpAX9IO4mRQxSx1Rlo4tqzeqb0sOlruaOy3dug=="
    },
    "node_modules/kleur": {
      "version": "3.0.3",
      "resolved": "https://registry.npmjs.org/kleur/-/kleur-3.0.3.tgz",
      "integrity": "sha512-eTIzlVOSUR+JxdDFepEYcBMtZ9Qqdef+rnzWdRZuMbOywu5tO2w2N7rqjoANZ5k9vywhL6Br1VRjUIgTQx4E8w==",
      "engines": {
        "node": ">=6"
      }
    },
    "node_modules/libsql": {
      "version": "0.4.7",
      "resolved": "https://registry.npmjs.org/libsql/-/libsql-0.4.7.tgz",
      "integrity": "sha512-T9eIRCs6b0J1SHKYIvD8+KCJMcWZ900iZyxdnSCdqxN12Z1ijzT+jY5nrk72Jw4B0HGzms2NgpryArlJqvc3Lw==",
      "cpu": [
        "x64",
        "arm64",
        "wasm32"
      ],
      "os": [
        "darwin",
        "linux",
        "win32"
      ],
      "dependencies": {
        "@neon-rs/load": "^0.0.4",
        "detect-libc": "2.0.2"
      },
      "optionalDependencies": {
        "@libsql/darwin-arm64": "0.4.7",
        "@libsql/darwin-x64": "0.4.7",
        "@libsql/linux-arm64-gnu": "0.4.7",
        "@libsql/linux-arm64-musl": "0.4.7",
        "@libsql/linux-x64-gnu": "0.4.7",
        "@libsql/linux-x64-musl": "0.4.7",
        "@libsql/win32-x64-msvc": "0.4.7"
      }
    },
    "node_modules/light-my-request": {
      "version": "5.14.0",
      "resolved": "https://registry.npmjs.org/light-my-request/-/light-my-request-5.14.0.tgz",
      "integrity": "sha512-aORPWntbpH5esaYpGOOmri0OHDOe3wC5M2MQxZ9dvMLZm6DnaAn0kJlcbU9hwsQgLzmZyReKwFwwPkR+nHu5kA==",
      "dependencies": {
        "cookie": "^0.7.0",
        "process-warning": "^3.0.0",
        "set-cookie-parser": "^2.4.1"
      }
    },
    "node_modules/multiformats": {
      "version": "13.3.2",
      "resolved": "https://registry.npmjs.org/multiformats/-/multiformats-13.3.2.tgz",
      "integrity": "sha512-qbB0CQDt3QKfiAzZ5ZYjLFOs+zW43vA4uyM8g27PeEuXZybUOFyjrVdP93HPBHMoglibwfkdVwbzfUq8qGcH6g=="
    },
    "node_modules/node-domexception": {
      "version": "1.0.0",
      "resolved": "https://registry.npmjs.org/node-domexception/-/node-domexception-1.0.0.tgz",
      "integrity": "sha512-/jKZoMpw0F8GRwl4/eLROPA3cfcXtLApP0QzLmUT/HuPCZWyB7IY9ZrMeKw2O/nFIqPQB3PVM9aYm0F312AXDQ==",
      "funding": [
        {
          "type": "github",
          "url": "https://github.com/sponsors/jimmywarting"
        },
        {
          "type": "github",
          "url": "https://paypal.me/jimmywarting"
        }
      ],
      "engines": {
        "node": ">=10.5.0"
      }
    },
    "node_modules/node-fetch": {
      "version": "3.3.2",
      "resolved": "https://registry.npmjs.org/node-fetch/-/node-fetch-3.3.2.tgz",
      "integrity": "sha512-dRB78srN/l6gqWulah9SrxeYnxeddIG30+GOqK/9OlLVyLg3HPnr6SqOWTWOXKRwC2eGYCkZ59NNuSgvSrpgOA==",
      "dependencies": {
        "data-uri-to-buffer": "^4.0.0",
        "fetch-blob": "^3.1.4",
        "formdata-polyfill": "^4.0.10"
      },
      "engines": {
        "node": "^12.20.0 || ^14.13.1 || >=16.0.0"
      },
      "funding": {
        "type": "opencollective",
        "url": "https://opencollective.com/node-fetch"
      }
    },
    "node_modules/on-exit-leak-free": {
      "version": "2.1.2",
      "resolved": "https://registry.npmjs.org/on-exit-leak-free/-/on-exit-leak-free-2.1.2.tgz",
      "integrity": "sha512-0eJJY6hXLGf1udHwfNftBqH+g73EU4B504nZeKpz1sYRKafAghwxEJunB2O7rDZkL4PGfsMVnTXZ2EjibbqcsA==",
      "engines": {
        "node": ">=14.0.0"
      }
    },
    "node_modules/once": {
      "version": "1.4.0",
      "resolved": "https://registry.npmjs.org/once/-/once-1.4.0.tgz",
      "integrity": "sha512-lNaJgI+2Q5URQBkccEKHTQOPaXdUxnZZElQTZY0MFUAuaEqe1E+Nyvgdz/aIyNi6Z9MzO5dv1H8n58/GELp3+w==",
      "dependencies": {
        "wrappy": "1"
      }
    },
    "node_modules/pino": {
      "version": "9.6.0",
      "resolved": "https://registry.npmjs.org/pino/-/pino-9.6.0.tgz",
      "integrity": "sha512-i85pKRCt4qMjZ1+L7sy2Ag4t1atFcdbEt76+7iRJn1g2BvsnRMGu9p8pivl9fs63M2kF/A0OacFZhTub+m/qMg==",
      "dependencies": {
        "atomic-sleep": "^1.0.0",
        "fast-redact": "^3.1.1",
        "on-exit-leak-free": "^2.1.0",
        "pino-abstract-transport": "^2.0.0",
        "pino-std-serializers": "^7.0.0",
        "process-warning": "^4.0.0",
        "quick-format-unescaped": "^4.0.3",
        "real-require": "^0.2.0",
        "safe-stable-stringify": "^2.3.1",
        "sonic-boom": "^4.0.1",
        "thread-stream": "^3.0.0"
      },
      "bin": {
        "pino": "bin.js"
      }
    },
    "node_modules/pino-abstract-transport": {
      "version": "2.0.0",
      "resolved": "https://registry.npmjs.org/pino-abstract-transport/-/pino-abstract-transport-2.0.0.tgz",
      "integrity": "sha512-F63x5tizV6WCh4R6RHyi2Ml+M70DNRXt/+HANowMflpgGFMAym/VKm6G7ZOQRjqN7XbGxK1Lg9t6ZrtzOaivMw==",
      "dependencies": {
        "split2": "^4.0.0"
      }
    },
    "node_modules/pino-std-serializers": {
      "version": "7.0.0",
      "resolved": "https://registry.npmjs.org/pino-std-serializers/-/pino-std-serializers-7.0.0.tgz",
      "integrity": "sha512-e906FRY0+tV27iq4juKzSYPbUj2do2X2JX4EzSca1631EB2QJQUqGbDuERal7LCtOpxl6x3+nvo9NPZcmjkiFA=="
    },
    "node_modules/pino/node_modules/process-warning": {
      "version": "4.0.1",
      "resolved": "https://registry.npmjs.org/process-warning/-/process-warning-4.0.1.tgz",
      "integrity": "sha512-3c2LzQ3rY9d0hc1emcsHhfT9Jwz0cChib/QN89oME2R451w5fy3f0afAhERFZAwrbDU43wk12d0ORBpDVME50Q==",
      "funding": [
        {
          "type": "github",
          "url": "https://github.com/sponsors/fastify"
        },
        {
          "type": "opencollective",
          "url": "https://opencollective.com/fastify"
        }
      ]
    },
    "node_modules/process-warning": {
      "version": "3.0.0",
      "resolved": "https://registry.npmjs.org/process-warning/-/process-warning-3.0.0.tgz",
      "integrity": "sha512-mqn0kFRl0EoqhnL0GQ0veqFHyIN1yig9RHh/InzORTUiZHFRAur+aMtRkELNwGs9aNwKS6tg/An4NYBPGwvtzQ=="
    },
    "node_modules/promise-limit": {
      "version": "2.7.0",
      "resolved": "https://registry.npmjs.org/promise-limit/-/promise-limit-2.7.0.tgz",
      "integrity": "sha512-7nJ6v5lnJsXwGprnGXga4wx6d1POjvi5Qmf1ivTRxTjH4Z/9Czja/UCMLVmB9N93GeWOU93XaFaEt6jbuoagNw=="
    },
    "node_modules/prompts": {
      "version": "2.4.2",
      "resolved": "https://registry.npmjs.org/prompts/-/prompts-2.4.2.tgz",
      "integrity": "sha512-NxNv/kLguCA7p3jE8oL2aEBsrJWgAakBpgmgK6lpPWV+WuOmY6r2/zbAVnP+T8bQlA0nzHXSJSJW0Hq7ylaD2Q==",
      "dependencies": {
        "kleur": "^3.0.3",
        "sisteransi": "^1.0.5"
      },
      "engines": {
        "node": ">= 6"
      }
    },
    "node_modules/proxy-addr": {
      "version": "2.0.7",
      "resolved": "https://registry.npmjs.org/proxy-addr/-/proxy-addr-2.0.7.tgz",
      "integrity": "sha512-llQsMLSUDUPT44jdrU/O37qlnifitDP+ZwrmmZcoSKyLKvtZxpyV0n2/bD/N4tBAAZ/gJEdZU7KMraoK1+XYAg==",
      "dependencies": {
        "forwarded": "0.2.0",
        "ipaddr.js": "1.9.1"
      },
      "engines": {
        "node": ">= 0.10"
      }
    },
    "node_modules/quick-format-unescaped": {
      "version": "4.0.4",
      "resolved": "https://registry.npmjs.org/quick-format-unescaped/-/quick-format-unescaped-4.0.4.tgz",
      "integrity": "sha512-tYC1Q1hgyRuHgloV/YXs2w15unPVh8qfu/qCTfhTYamaw7fyhumKa2yGpdSo87vY32rIclj+4fWYQXUMs9EHvg=="
    },
    "node_modules/readable-stream": {
      "version": "3.6.2",
      "resolved": "https://registry.npmjs.org/readable-stream/-/readable-stream-3.6.2.tgz",
      "integrity": "sha512-9u/sniCrY3D5WdsERHzHE4G2YCXqoG5FTHUiCC4SIbr6XcLZBY05ya9EKjYek9O5xOAwjGq+1JdGBAS7Q9ScoA==",
      "dependencies": {
        "inherits": "^2.0.3",
        "string_decoder": "^1.1.1",
        "util-deprecate": "^1.0.1"
      },
      "engines": {
        "node": ">= 6"
      }
    },
    "node_modules/real-require": {
      "version": "0.2.0",
      "resolved": "https://registry.npmjs.org/real-require/-/real-require-0.2.0.tgz",
      "integrity": "sha512-57frrGM/OCTLqLOAh0mhVA9VBMHd+9U7Zb2THMGdBUoZVOtGbJzjxsYGDJ3A9AYYCP4hn6y1TVbaOfzWtm5GFg==",
      "engines": {
        "node": ">= 12.13.0"
      }
    },
    "node_modules/require-from-string": {
      "version": "2.0.2",
      "resolved": "https://registry.npmjs.org/require-from-string/-/require-from-string-2.0.2.tgz",
      "integrity": "sha512-Xf0nWe6RseziFMu+Ap9biiUbmplq6S9/p+7w7YXP/JBHhrUDDUhwa+vANyubuqfZWTveU//DYVGsDG7RKL/vEw==",
      "engines": {
        "node": ">=0.10.0"
      }
    },
    "node_modules/ret": {
      "version": "0.4.3",
      "resolved": "https://registry.npmjs.org/ret/-/ret-0.4.3.tgz",
      "integrity": "sha512-0f4Memo5QP7WQyUEAYUO3esD/XjOc3Zjjg5CPsAq1p8sIu0XPeMbHJemKA0BO7tV0X7+A0FoEpbmHXWxPyD3wQ==",
      "engines": {
        "node": ">=10"
      }
    },
    "node_modules/reusify": {
      "version": "1.1.0",
      "resolved": "https://registry.npmjs.org/reusify/-/reusify-1.1.0.tgz",
      "integrity": "sha512-g6QUff04oZpHs0eG5p83rFLhHeV00ug/Yf9nZM6fLeUrPguBTkTQOdpAWWspMh55TZfVQDPaN3NQJfbVRAxdIw==",
      "engines": {
        "iojs": ">=1.0.0",
        "node": ">=0.10.0"
      }
    },
    "node_modules/rfdc": {
      "version": "1.4.1",
      "resolved": "https://registry.npmjs.org/rfdc/-/rfdc-1.4.1.tgz",
      "integrity": "sha512-q1b3N5QkRUWUl7iyylaaj3kOpIT0N2i9MqIEQXP73GVsN9cw3fdx8X63cEmWhJGi2PPCF23Ijp7ktmd39rawIA=="
    },
    "node_modules/safe-buffer": {
      "version": "5.2.1",
      "resolved": "https://registry.npmjs.org/safe-buffer/-/safe-buffer-5.2.1.tgz",
      "integrity": "sha512-rp3So07KcdmmKbGvgaNxQSJr7bGVSVk5S9Eq1F+ppbRo70+YeaDxkw5Dd8NPN+GD6bjnYm2VuPuCXmpuYvmCXQ==",
      "funding": [
        {
          "type": "github",
          "url": "https://github.com/sponsors/feross"
        },
        {
          "type": "patreon",
          "url": "https://www.patreon.com/feross"
        },
        {
          "type": "consulting",
          "url": "https://feross.org/support"
        }
      ]
    },
    "node_modules/safe-regex2": {
      "version": "3.1.0",
      "resolved": "https://registry.npmjs.org/safe-regex2/-/safe-regex2-3.1.0.tgz",
      "integrity": "sha512-RAAZAGbap2kBfbVhvmnTFv73NWLMvDGOITFYTZBAaY8eR+Ir4ef7Up/e7amo+y1+AH+3PtLkrt9mvcTsG9LXug==",
      "dependencies": {
        "ret": "~0.4.0"
      }
    },
    "node_modules/safe-stable-stringify": {
      "version": "2.5.0",
      "resolved": "https://registry.npmjs.org/safe-stable-stringify/-/safe-stable-stringify-2.5.0.tgz",
      "integrity": "sha512-b3rppTKm9T+PsVCBEOUR46GWI7fdOs00VKZ1+9c1EWDaDMvjQc6tUwuFyIprgGgTcWoVHSKrU8H31ZHA2e0RHA==",
      "engines": {
        "node": ">=10"
      }
    },
    "node_modules/secure-json-parse": {
      "version": "2.7.0",
      "resolved": "https://registry.npmjs.org/secure-json-parse/-/secure-json-parse-2.7.0.tgz",
      "integrity": "sha512-6aU+Rwsezw7VR8/nyvKTx8QpWH9FrcYiXXlqC4z5d5XQBDRqtbfsRjnwGyqbi3gddNtWHuEk9OANUotL26qKUw=="
    },
    "node_modules/semver": {
      "version": "7.7.1",
      "resolved": "https://registry.npmjs.org/semver/-/semver-7.7.1.tgz",
      "integrity": "sha512-hlq8tAfn0m/61p4BVRcPzIGr6LKiMwo4VM6dGi6pt4qcRkmNzTcWq6eCEjEh+qXjkMDvPlOFFSGwQjoEa6gyMA==",
      "bin": {
        "semver": "bin/semver.js"
      },
      "engines": {
        "node": ">=10"
      }
    },
    "node_modules/set-cookie-parser": {
      "version": "2.7.1",
      "resolved": "https://registry.npmjs.org/set-cookie-parser/-/set-cookie-parser-2.7.1.tgz",
      "integrity": "sha512-IOc8uWeOZgnb3ptbCURJWNjWUPcO3ZnTTdzsurqERrP6nPyv+paC55vJM0LpOlT2ne+Ix+9+CRG1MNLlyZ4GjQ=="
    },
    "node_modules/sisteransi": {
      "version": "1.0.5",
      "resolved": "https://registry.npmjs.org/sisteransi/-/sisteransi-1.0.5.tgz",
      "integrity": "sha512-bLGGlR1QxBcynn2d5YmDX4MGjlZvy2MRBDRNHLJ8VI6l6+9FUiyTFNJ0IveOSP0bcXgVDPRcfGqA0pjaqUpfVg=="
    },
    "node_modules/sonic-boom": {
      "version": "4.2.0",
      "resolved": "https://registry.npmjs.org/sonic-boom/-/sonic-boom-4.2.0.tgz",
      "integrity": "sha512-INb7TM37/mAcsGmc9hyyI6+QR3rR1zVRu36B0NeGXKnOOLiZOfER5SA+N7X7k3yUYRzLWafduTDvJAfDswwEww==",
      "dependencies": {
        "atomic-sleep": "^1.0.0"
      }
    },
    "node_modules/split2": {
      "version": "4.2.0",
      "resolved": "https://registry.npmjs.org/split2/-/split2-4.2.0.tgz",
      "integrity": "sha512-UcjcJOWknrNkF6PLX83qcHM6KHgVKNkV62Y8a5uYDVv9ydGQVwAHMKqHdJje1VTWpljG0WYpCDhrCdAOYH4TWg==",
      "engines": {
        "node": ">= 10.x"
      }
    },
    "node_modules/stream-shift": {
      "version": "1.0.3",
      "resolved": "https://registry.npmjs.org/stream-shift/-/stream-shift-1.0.3.tgz",
      "integrity": "sha512-76ORR0DO1o1hlKwTbi/DM3EXWGf3ZJYO8cXX5RJwnul2DEg2oyoZyjLNoQM8WsvZiFKCRfC1O0J7iCvie3RZmQ=="
    },
    "node_modules/string_decoder": {
      "version": "1.3.0",
      "resolved": "https://registry.npmjs.org/string_decoder/-/string_decoder-1.3.0.tgz",
      "integrity": "sha512-hkRX8U1WjJFd8LsDJ2yQ/wWWxaopEsABU1XfkM8A+j0+85JAGppt16cr1Whg6KIbb4okU6Mql6BOj+uup/wKeA==",
      "dependencies": {
        "safe-buffer": "~5.2.0"
      }
    },
    "node_modules/thread-stream": {
      "version": "3.1.0",
      "resolved": "https://registry.npmjs.org/thread-stream/-/thread-stream-3.1.0.tgz",
      "integrity": "sha512-OqyPZ9u96VohAyMfJykzmivOrY2wfMSf3C5TtFJVgN+Hm6aj+voFhlK+kZEIv2FBh1X6Xp3DlnCOfEQ3B2J86A==",
      "dependencies": {
        "real-require": "^0.2.0"
      }
    },
    "node_modules/toad-cache": {
      "version": "3.7.0",
      "resolved": "https://registry.npmjs.org/toad-cache/-/toad-cache-3.7.0.tgz",
      "integrity": "sha512-/m8M+2BJUpoJdgAHoG+baCwBT+tf2VraSfkBgl0Y00qIWt41DJ8R5B8nsEw0I58YwF5IZH6z24/2TobDKnqSWw==",
      "engines": {
        "node": ">=12"
      }
    },
    "node_modules/uint8arrays": {
      "version": "5.1.0",
      "resolved": "https://registry.npmjs.org/uint8arrays/-/uint8arrays-5.1.0.tgz",
      "integrity": "sha512-vA6nFepEmlSKkMBnLBaUMVvAC4G3CTmO58C12y4sq6WPDOR7mOFYOi7GlrQ4djeSbP6JG9Pv9tJDM97PedRSww==",
      "dependencies": {
        "multiformats": "^13.0.0"
      }
    },
    "node_modules/undici-types": {
      "version": "6.21.0",
      "resolved": "https://registry.npmjs.org/undici-types/-/undici-types-6.21.0.tgz",
      "integrity": "sha512-iwDZqg0QAGrg9Rav5H4n0M64c3mkR59cJ6wQp+7C4nI0gsmExaedaYLNO44eT4AtBBwjbTiGPMlt2Md0T9H9JQ=="
    },
    "node_modules/util-deprecate": {
      "version": "1.0.2",
      "resolved": "https://registry.npmjs.org/util-deprecate/-/util-deprecate-1.0.2.tgz",
      "integrity": "sha512-EPD5q1uXyFxJpCrLnCc1nHnq3gOa6DZBocAIiI2TaSCA7VCJ1UJDMagCzIkXNsUYfD1daK//LTEQ8xiIbrHtcw=="
    },
    "node_modules/web-streams-polyfill": {
      "version": "3.3.3",
      "resolved": "https://registry.npmjs.org/web-streams-polyfill/-/web-streams-polyfill-3.3.3.tgz",
      "integrity": "sha512-d2JWLCivmZYTSIoge9MsgFCZrt571BikcWGYkjC1khllbTeDlGqZ2D8vD8E/lJa8WGWbb7Plm8/XJYV7IJHZZw==",
      "engines": {
        "node": ">= 8"
      }
    },
    "node_modules/wrappy": {
      "version": "1.0.2",
      "resolved": "https://registry.npmjs.org/wrappy/-/wrappy-1.0.2.tgz",
      "integrity": "sha512-l4Sp/DRseor9wL6EvV2+TuQn63dMkPjZ/sp9XkghTEbV9KlPS1xUsZ3u7/IQO4wxtcFB4bgpQPRcR3QCvezPcQ=="
    },
    "node_modules/ws": {
      "version": "8.18.1",
      "resolved": "https://registry.npmjs.org/ws/-/ws-8.18.1.tgz",
      "integrity": "sha512-RKW2aJZMXeMxVpnZ6bck+RswznaxmzdULiBr6KY7XkTnW8uvt0iT9H5DkHUChXrc+uurzwa0rVI16n/Xzjdz1w==",
      "engines": {
        "node": ">=10.0.0"
      },
      "peerDependencies": {
        "bufferutil": "^4.0.1",
        "utf-8-validate": ">=5.0.2"
      },
      "peerDependenciesMeta": {
        "bufferutil": {
          "optional": true
        },
        "utf-8-validate": {
          "optional": true
        }
      }
    }
  }
}
